// !$*UTF8*$!
{
	archiveVersion = 1;
	classes = {
	};
	objectVersion = 77;
	objects = {

/* Begin PBXBuildFile section */
		8648CD8B2CE6C2E600A5E681 /* Collections in Frameworks */ = {isa = PBXBuildFile; productRef = 8648CD8A2CE6C2E600A5E681 /* Collections */; };
		8648CD8E2CE6C3AD00A5E681 /* SwiftUICharts in Frameworks */ = {isa = PBXBuildFile; productRef = 8648CD8D2CE6C3AD00A5E681 /* SwiftUICharts */; };
		86CAF1042CE5A49B00C050E4 /* SwiftUIFontIcon in Frameworks */ = {isa = PBXBuildFile; productRef = 86CAF1032CE5A49B00C050E4 /* SwiftUIFontIcon */; };
/* End PBXBuildFile section */

/* Begin PBXContainerItemProxy section */
		8693F5A42CE1B61A002BB39B /* PBXContainerItemProxy */ = {
			isa = PBXContainerItemProxy;
			containerPortal = 8693F58B2CE1B617002BB39B /* Project object */;
			proxyType = 1;
			remoteGlobalIDString = 8693F5922CE1B617002BB39B;
			remoteInfo = ExpenseTracker;
		};
		8693F5AE2CE1B61A002BB39B /* PBXContainerItemProxy */ = {
			isa = PBXContainerItemProxy;
			containerPortal = 8693F58B2CE1B617002BB39B /* Project object */;
			proxyType = 1;
			remoteGlobalIDString = 8693F5922CE1B617002BB39B;
			remoteInfo = ExpenseTracker;
		};
/* End PBXContainerItemProxy section */

/* Begin PBXFileReference section */
		8693F5932CE1B617002BB39B /* ExpenseTracker.app */ = {isa = PBXFileReference; explicitFileType = wrapper.application; includeInIndex = 0; path = ExpenseTracker.app; sourceTree = BUILT_PRODUCTS_DIR; };
		8693F5A32CE1B61A002BB39B /* ExpenseTrackerTests.xctest */ = {isa = PBXFileReference; explicitFileType = wrapper.cfbundle; includeInIndex = 0; path = ExpenseTrackerTests.xctest; sourceTree = BUILT_PRODUCTS_DIR; };
		8693F5AD2CE1B61A002BB39B /* ExpenseTrackerUITests.xctest */ = {isa = PBXFileReference; explicitFileType = wrapper.cfbundle; includeInIndex = 0; path = ExpenseTrackerUITests.xctest; sourceTree = BUILT_PRODUCTS_DIR; };
/* End PBXFileReference section */

/* Begin PBXFileSystemSynchronizedRootGroup section */
		8693F5952CE1B617002BB39B /* ExpenseTracker */ = {
			isa = PBXFileSystemSynchronizedRootGroup;
			path = ExpenseTracker;
			sourceTree = "<group>";
		};
		8693F5A62CE1B61A002BB39B /* ExpenseTrackerTests */ = {
			isa = PBXFileSystemSynchronizedRootGroup;
			path = ExpenseTrackerTests;
			sourceTree = "<group>";
		};
		8693F5B02CE1B61A002BB39B /* ExpenseTrackerUITests */ = {
			isa = PBXFileSystemSynchronizedRootGroup;
			path = ExpenseTrackerUITests;
			sourceTree = "<group>";
		};
/* End PBXFileSystemSynchronizedRootGroup section */

/* Begin PBXFrameworksBuildPhase section */
		8693F5902CE1B617002BB39B /* Frameworks */ = {
			isa = PBXFrameworksBuildPhase;
			buildActionMask = 2147483647;
			files = (
				8648CD8E2CE6C3AD00A5E681 /* SwiftUICharts in Frameworks */,
				8648CD8B2CE6C2E600A5E681 /* Collections in Frameworks */,
				86CAF1042CE5A49B00C050E4 /* SwiftUIFontIcon in Frameworks */,
			);
			runOnlyForDeploymentPostprocessing = 0;
		};
		8693F5A02CE1B61A002BB39B /* Frameworks */ = {
			isa = PBXFrameworksBuildPhase;
			buildActionMask = 2147483647;
			files = (
			);
			runOnlyForDeploymentPostprocessing = 0;
		};
		8693F5AA2CE1B61A002BB39B /* Frameworks */ = {
			isa = PBXFrameworksBuildPhase;
			buildActionMask = 2147483647;
			files = (
			);
			runOnlyForDeploymentPostprocessing = 0;
		};
/* End PBXFrameworksBuildPhase section */

/* Begin PBXGroup section */
		8693F58A2CE1B617002BB39B = {
			isa = PBXGroup;
			children = (
				8693F5952CE1B617002BB39B /* ExpenseTracker */,
				8693F5A62CE1B61A002BB39B /* ExpenseTrackerTests */,
				8693F5B02CE1B61A002BB39B /* ExpenseTrackerUITests */,
				8693F5942CE1B617002BB39B /* Products */,
			);
			sourceTree = "<group>";
		};
		8693F5942CE1B617002BB39B /* Products */ = {
			isa = PBXGroup;
			children = (
				8693F5932CE1B617002BB39B /* ExpenseTracker.app */,
				8693F5A32CE1B61A002BB39B /* ExpenseTrackerTests.xctest */,
				8693F5AD2CE1B61A002BB39B /* ExpenseTrackerUITests.xctest */,
			);
			name = Products;
			sourceTree = "<group>";
		};
/* End PBXGroup section */

/* Begin PBXNativeTarget section */
		8693F5922CE1B617002BB39B /* ExpenseTracker */ = {
			isa = PBXNativeTarget;
			buildConfigurationList = 8693F5B72CE1B61A002BB39B /* Build configuration list for PBXNativeTarget "ExpenseTracker" */;
			buildPhases = (
				8693F58F2CE1B617002BB39B /* Sources */,
				8693F5902CE1B617002BB39B /* Frameworks */,
				8693F5912CE1B617002BB39B /* Resources */,
			);
			buildRules = (
			);
			dependencies = (
			);
			fileSystemSynchronizedGroups = (
				8693F5952CE1B617002BB39B /* ExpenseTracker */,
			);
			name = ExpenseTracker;
			packageProductDependencies = (
				86CAF1032CE5A49B00C050E4 /* SwiftUIFontIcon */,
				8648CD8A2CE6C2E600A5E681 /* Collections */,
				8648CD8D2CE6C3AD00A5E681 /* SwiftUICharts */,
			);
			productName = ExpenseTracker;
			productReference = 8693F5932CE1B617002BB39B /* ExpenseTracker.app */;
			productType = "com.apple.product-type.application";
		};
		8693F5A22CE1B61A002BB39B /* ExpenseTrackerTests */ = {
			isa = PBXNativeTarget;
			buildConfigurationList = 8693F5BA2CE1B61A002BB39B /* Build configuration list for PBXNativeTarget "ExpenseTrackerTests" */;
			buildPhases = (
				8693F59F2CE1B61A002BB39B /* Sources */,
				8693F5A02CE1B61A002BB39B /* Frameworks */,
				8693F5A12CE1B61A002BB39B /* Resources */,
			);
			buildRules = (
			);
			dependencies = (
				8693F5A52CE1B61A002BB39B /* PBXTargetDependency */,
			);
			fileSystemSynchronizedGroups = (
				8693F5A62CE1B61A002BB39B /* ExpenseTrackerTests */,
			);
			name = ExpenseTrackerTests;
			packageProductDependencies = (
			);
			productName = ExpenseTrackerTests;
			productReference = 8693F5A32CE1B61A002BB39B /* ExpenseTrackerTests.xctest */;
			productType = "com.apple.product-type.bundle.unit-test";
		};
		8693F5AC2CE1B61A002BB39B /* ExpenseTrackerUITests */ = {
			isa = PBXNativeTarget;
			buildConfigurationList = 8693F5BD2CE1B61A002BB39B /* Build configuration list for PBXNativeTarget "ExpenseTrackerUITests" */;
			buildPhases = (
				8693F5A92CE1B61A002BB39B /* Sources */,
				8693F5AA2CE1B61A002BB39B /* Frameworks */,
				8693F5AB2CE1B61A002BB39B /* Resources */,
			);
			buildRules = (
			);
			dependencies = (
				8693F5AF2CE1B61A002BB39B /* PBXTargetDependency */,
			);
			fileSystemSynchronizedGroups = (
				8693F5B02CE1B61A002BB39B /* ExpenseTrackerUITests */,
			);
			name = ExpenseTrackerUITests;
			packageProductDependencies = (
			);
			productName = ExpenseTrackerUITests;
			productReference = 8693F5AD2CE1B61A002BB39B /* ExpenseTrackerUITests.xctest */;
			productType = "com.apple.product-type.bundle.ui-testing";
		};
/* End PBXNativeTarget section */

/* Begin PBXProject section */
		8693F58B2CE1B617002BB39B /* Project object */ = {
			isa = PBXProject;
			attributes = {
				BuildIndependentTargetsInParallel = 1;
				LastSwiftUpdateCheck = 1610;
				LastUpgradeCheck = 1610;
				TargetAttributes = {
					8693F5922CE1B617002BB39B = {
						CreatedOnToolsVersion = 16.1;
					};
					8693F5A22CE1B61A002BB39B = {
						CreatedOnToolsVersion = 16.1;
						TestTargetID = 8693F5922CE1B617002BB39B;
					};
					8693F5AC2CE1B61A002BB39B = {
						CreatedOnToolsVersion = 16.1;
						TestTargetID = 8693F5922CE1B617002BB39B;
					};
				};
			};
			buildConfigurationList = 8693F58E2CE1B617002BB39B /* Build configuration list for PBXProject "ExpenseTracker" */;
			developmentRegion = en;
			hasScannedForEncodings = 0;
			knownRegions = (
				en,
				Base,
			);
			mainGroup = 8693F58A2CE1B617002BB39B;
			minimizedProjectReferenceProxies = 1;
			packageReferences = (
				866660512CE3AEF2002BC861 /* XCRemoteSwiftPackageReference "SwiftUIFontIcon" */,
				8648CD892CE6C2E600A5E681 /* XCRemoteSwiftPackageReference "swift-collections" */,
				8648CD8C2CE6C3AD00A5E681 /* XCRemoteSwiftPackageReference "ChartView" */,
			);
			preferredProjectObjectVersion = 77;
			productRefGroup = 8693F5942CE1B617002BB39B /* Products */;
			projectDirPath = "";
			projectRoot = "";
			targets = (
				8693F5922CE1B617002BB39B /* ExpenseTracker */,
				8693F5A22CE1B61A002BB39B /* ExpenseTrackerTests */,
				8693F5AC2CE1B61A002BB39B /* ExpenseTrackerUITests */,
			);
		};
/* End PBXProject section */

/* Begin PBXResourcesBuildPhase section */
		8693F5912CE1B617002BB39B /* Resources */ = {
			isa = PBXResourcesBuildPhase;
			buildActionMask = 2147483647;
			files = (
			);
			runOnlyForDeploymentPostprocessing = 0;
		};
		8693F5A12CE1B61A002BB39B /* Resources */ = {
			isa = PBXResourcesBuildPhase;
			buildActionMask = 2147483647;
			files = (
			);
			runOnlyForDeploymentPostprocessing = 0;
		};
		8693F5AB2CE1B61A002BB39B /* Resources */ = {
			isa = PBXResourcesBuildPhase;
			buildActionMask = 2147483647;
			files = (
			);
			runOnlyForDeploymentPostprocessing = 0;
		};
/* End PBXResourcesBuildPhase section */

/* Begin PBXSourcesBuildPhase section */
		8693F58F2CE1B617002BB39B /* Sources */ = {
			isa = PBXSourcesBuildPhase;
			buildActionMask = 2147483647;
			files = (
			);
			runOnlyForDeploymentPostprocessing = 0;
		};
		8693F59F2CE1B61A002BB39B /* Sources */ = {
			isa = PBXSourcesBuildPhase;
			buildActionMask = 2147483647;
			files = (
			);
			runOnlyForDeploymentPostprocessing = 0;
		};
		8693F5A92CE1B61A002BB39B /* Sources */ = {
			isa = PBXSourcesBuildPhase;
			buildActionMask = 2147483647;
			files = (
			);
			runOnlyForDeploymentPostprocessing = 0;
		};
/* End PBXSourcesBuildPhase section */

/* Begin PBXTargetDependency section */
		8693F5A52CE1B61A002BB39B /* PBXTargetDependency */ = {
			isa = PBXTargetDependency;
			target = 8693F5922CE1B617002BB39B /* ExpenseTracker */;
			targetProxy = 8693F5A42CE1B61A002BB39B /* PBXContainerItemProxy */;
		};
		8693F5AF2CE1B61A002BB39B /* PBXTargetDependency */ = {
			isa = PBXTargetDependency;
			target = 8693F5922CE1B617002BB39B /* ExpenseTracker */;
			targetProxy = 8693F5AE2CE1B61A002BB39B /* PBXContainerItemProxy */;
		};
/* End PBXTargetDependency section */

/* Begin XCBuildConfiguration section */
		8693F5B52CE1B61A002BB39B /* Debug */ = {
			isa = XCBuildConfiguration;
			buildSettings = {
				ALWAYS_SEARCH_USER_PATHS = NO;
				ASSETCATALOG_COMPILER_GENERATE_SWIFT_ASSET_SYMBOL_EXTENSIONS = YES;
				CLANG_ANALYZER_NONNULL = YES;
				CLANG_ANALYZER_NUMBER_OBJECT_CONVERSION = YES_AGGRESSIVE;
				CLANG_CXX_LANGUAGE_STANDARD = "gnu++20";
				CLANG_ENABLE_MODULES = YES;
				CLANG_ENABLE_OBJC_ARC = YES;
				CLANG_ENABLE_OBJC_WEAK = YES;
				CLANG_WARN_BLOCK_CAPTURE_AUTORELEASING = YES;
				CLANG_WARN_BOOL_CONVERSION = YES;
				CLANG_WARN_COMMA = YES;
				CLANG_WARN_CONSTANT_CONVERSION = YES;
				CLANG_WARN_DEPRECATED_OBJC_IMPLEMENTATIONS = YES;
				CLANG_WARN_DIRECT_OBJC_ISA_USAGE = YES_ERROR;
				CLANG_WARN_DOCUMENTATION_COMMENTS = YES;
				CLANG_WARN_EMPTY_BODY = YES;
				CLANG_WARN_ENUM_CONVERSION = YES;
				CLANG_WARN_INFINITE_RECURSION = YES;
				CLANG_WARN_INT_CONVERSION = YES;
				CLANG_WARN_NON_LITERAL_NULL_CONVERSION = YES;
				CLANG_WARN_OBJC_IMPLICIT_RETAIN_SELF = YES;
				CLANG_WARN_OBJC_LITERAL_CONVERSION = YES;
				CLANG_WARN_OBJC_ROOT_CLASS = YES_ERROR;
				CLANG_WARN_QUOTED_INCLUDE_IN_FRAMEWORK_HEADER = YES;
				CLANG_WARN_RANGE_LOOP_ANALYSIS = YES;
				CLANG_WARN_STRICT_PROTOTYPES = YES;
				CLANG_WARN_SUSPICIOUS_MOVE = YES;
				CLANG_WARN_UNGUARDED_AVAILABILITY = YES_AGGRESSIVE;
				CLANG_WARN_UNREACHABLE_CODE = YES;
				CLANG_WARN__DUPLICATE_METHOD_MATCH = YES;
				COPY_PHASE_STRIP = NO;
				DEBUG_INFORMATION_FORMAT = dwarf;
				ENABLE_STRICT_OBJC_MSGSEND = YES;
				ENABLE_TESTABILITY = YES;
				ENABLE_USER_SCRIPT_SANDBOXING = YES;
				GCC_C_LANGUAGE_STANDARD = gnu17;
				GCC_DYNAMIC_NO_PIC = NO;
				GCC_NO_COMMON_BLOCKS = YES;
				GCC_OPTIMIZATION_LEVEL = 0;
				GCC_PREPROCESSOR_DEFINITIONS = (
					"DEBUG=1",
					"$(inherited)",
				);
				GCC_WARN_64_TO_32_BIT_CONVERSION = YES;
				GCC_WARN_ABOUT_RETURN_TYPE = YES_ERROR;
				GCC_WARN_UNDECLARED_SELECTOR = YES;
				GCC_WARN_UNINITIALIZED_AUTOS = YES_AGGRESSIVE;
				GCC_WARN_UNUSED_FUNCTION = YES;
				GCC_WARN_UNUSED_VARIABLE = YES;
				IPHONEOS_DEPLOYMENT_TARGET = 18.1;
				LOCALIZATION_PREFERS_STRING_CATALOGS = YES;
				MTL_ENABLE_DEBUG_INFO = INCLUDE_SOURCE;
				MTL_FAST_MATH = YES;
				ONLY_ACTIVE_ARCH = YES;
				SDKROOT = iphoneos;
				SWIFT_ACTIVE_COMPILATION_CONDITIONS = "DEBUG $(inherited)";
				SWIFT_OPTIMIZATION_LEVEL = "-Onone";
			};
			name = Debug;
		};
		8693F5B62CE1B61A002BB39B /* Release */ = {
			isa = XCBuildConfiguration;
			buildSettings = {
				ALWAYS_SEARCH_USER_PATHS = NO;
				ASSETCATALOG_COMPILER_GENERATE_SWIFT_ASSET_SYMBOL_EXTENSIONS = YES;
				CLANG_ANALYZER_NONNULL = YES;
				CLANG_ANALYZER_NUMBER_OBJECT_CONVERSION = YES_AGGRESSIVE;
				CLANG_CXX_LANGUAGE_STANDARD = "gnu++20";
				CLANG_ENABLE_MODULES = YES;
				CLANG_ENABLE_OBJC_ARC = YES;
				CLANG_ENABLE_OBJC_WEAK = YES;
				CLANG_WARN_BLOCK_CAPTURE_AUTORELEASING = YES;
				CLANG_WARN_BOOL_CONVERSION = YES;
				CLANG_WARN_COMMA = YES;
				CLANG_WARN_CONSTANT_CONVERSION = YES;
				CLANG_WARN_DEPRECATED_OBJC_IMPLEMENTATIONS = YES;
				CLANG_WARN_DIRECT_OBJC_ISA_USAGE = YES_ERROR;
				CLANG_WARN_DOCUMENTATION_COMMENTS = YES;
				CLANG_WARN_EMPTY_BODY = YES;
				CLANG_WARN_ENUM_CONVERSION = YES;
				CLANG_WARN_INFINITE_RECURSION = YES;
				CLANG_WARN_INT_CONVERSION = YES;
				CLANG_WARN_NON_LITERAL_NULL_CONVERSION = YES;
				CLANG_WARN_OBJC_IMPLICIT_RETAIN_SELF = YES;
				CLANG_WARN_OBJC_LITERAL_CONVERSION = YES;
				CLANG_WARN_OBJC_ROOT_CLASS = YES_ERROR;
				CLANG_WARN_QUOTED_INCLUDE_IN_FRAMEWORK_HEADER = YES;
				CLANG_WARN_RANGE_LOOP_ANALYSIS = YES;
				CLANG_WARN_STRICT_PROTOTYPES = YES;
				CLANG_WARN_SUSPICIOUS_MOVE = YES;
				CLANG_WARN_UNGUARDED_AVAILABILITY = YES_AGGRESSIVE;
				CLANG_WARN_UNREACHABLE_CODE = YES;
				CLANG_WARN__DUPLICATE_METHOD_MATCH = YES;
				COPY_PHASE_STRIP = NO;
				DEBUG_INFORMATION_FORMAT = "dwarf-with-dsym";
				ENABLE_NS_ASSERTIONS = NO;
				ENABLE_STRICT_OBJC_MSGSEND = YES;
				ENABLE_USER_SCRIPT_SANDBOXING = YES;
				GCC_C_LANGUAGE_STANDARD = gnu17;
				GCC_NO_COMMON_BLOCKS = YES;
				GCC_WARN_64_TO_32_BIT_CONVERSION = YES;
				GCC_WARN_ABOUT_RETURN_TYPE = YES_ERROR;
				GCC_WARN_UNDECLARED_SELECTOR = YES;
				GCC_WARN_UNINITIALIZED_AUTOS = YES_AGGRESSIVE;
				GCC_WARN_UNUSED_FUNCTION = YES;
				GCC_WARN_UNUSED_VARIABLE = YES;
				IPHONEOS_DEPLOYMENT_TARGET = 18.1;
				LOCALIZATION_PREFERS_STRING_CATALOGS = YES;
				MTL_ENABLE_DEBUG_INFO = NO;
				MTL_FAST_MATH = YES;
				SDKROOT = iphoneos;
				SWIFT_COMPILATION_MODE = wholemodule;
				VALIDATE_PRODUCT = YES;
			};
			name = Release;
		};
		8693F5B82CE1B61A002BB39B /* Debug */ = {
			isa = XCBuildConfiguration;
			buildSettings = {
				ASSETCATALOG_COMPILER_APPICON_NAME = AppIcon;
				ASSETCATALOG_COMPILER_GLOBAL_ACCENT_COLOR_NAME = AccentColor;
				CODE_SIGN_STYLE = Automatic;
				CURRENT_PROJECT_VERSION = 1;
				DEVELOPMENT_ASSET_PATHS = "\"ExpenseTracker/Preview Content\"";
				ENABLE_PREVIEWS = YES;
				GENERATE_INFOPLIST_FILE = YES;
				INFOPLIST_KEY_UIApplicationSceneManifest_Generation = YES;
				INFOPLIST_KEY_UIApplicationSupportsIndirectInputEvents = YES;
				INFOPLIST_KEY_UILaunchScreen_Generation = YES;
				INFOPLIST_KEY_UISupportedInterfaceOrientations_iPad = "UIInterfaceOrientationPortrait UIInterfaceOrientationPortraitUpsideDown UIInterfaceOrientationLandscapeLeft UIInterfaceOrientationLandscapeRight";
				INFOPLIST_KEY_UISupportedInterfaceOrientations_iPhone = "UIInterfaceOrientationPortrait UIInterfaceOrientationLandscapeLeft UIInterfaceOrientationLandscapeRight";
				LD_RUNPATH_SEARCH_PATHS = (
					"$(inherited)",
					"@executable_path/Frameworks",
				);
				MARKETING_VERSION = 1.0;
				PRODUCT_BUNDLE_IDENTIFIER = com.eric.ExpenseTracker;
				PRODUCT_NAME = "$(TARGET_NAME)";
				SWIFT_EMIT_LOC_STRINGS = YES;
				SWIFT_VERSION = 5.0;
				TARGETED_DEVICE_FAMILY = "1,2";
			};
			name = Debug;
		};
		8693F5B92CE1B61A002BB39B /* Release */ = {
			isa = XCBuildConfiguration;
			buildSettings = {
				ASSETCATALOG_COMPILER_APPICON_NAME = AppIcon;
				ASSETCATALOG_COMPILER_GLOBAL_ACCENT_COLOR_NAME = AccentColor;
				CODE_SIGN_STYLE = Automatic;
				CURRENT_PROJECT_VERSION = 1;
				DEVELOPMENT_ASSET_PATHS = "\"ExpenseTracker/Preview Content\"";
				ENABLE_PREVIEWS = YES;
				GENERATE_INFOPLIST_FILE = YES;
				INFOPLIST_KEY_UIApplicationSceneManifest_Generation = YES;
				INFOPLIST_KEY_UIApplicationSupportsIndirectInputEvents = YES;
				INFOPLIST_KEY_UILaunchScreen_Generation = YES;
				INFOPLIST_KEY_UISupportedInterfaceOrientations_iPad = "UIInterfaceOrientationPortrait UIInterfaceOrientationPortraitUpsideDown UIInterfaceOrientationLandscapeLeft UIInterfaceOrientationLandscapeRight";
				INFOPLIST_KEY_UISupportedInterfaceOrientations_iPhone = "UIInterfaceOrientationPortrait UIInterfaceOrientationLandscapeLeft UIInterfaceOrientationLandscapeRight";
				LD_RUNPATH_SEARCH_PATHS = (
					"$(inherited)",
					"@executable_path/Frameworks",
				);
				MARKETING_VERSION = 1.0;
				PRODUCT_BUNDLE_IDENTIFIER = com.eric.ExpenseTracker;
				PRODUCT_NAME = "$(TARGET_NAME)";
				SWIFT_EMIT_LOC_STRINGS = YES;
				SWIFT_VERSION = 5.0;
				TARGETED_DEVICE_FAMILY = "1,2";
			};
			name = Release;
		};
		8693F5BB2CE1B61A002BB39B /* Debug */ = {
			isa = XCBuildConfiguration;
			buildSettings = {
				BUNDLE_LOADER = "$(TEST_HOST)";
				CODE_SIGN_STYLE = Automatic;
				CURRENT_PROJECT_VERSION = 1;
				GENERATE_INFOPLIST_FILE = YES;
				IPHONEOS_DEPLOYMENT_TARGET = 18.1;
				MARKETING_VERSION = 1.0;
				PRODUCT_BUNDLE_IDENTIFIER = com.eric.ExpenseTrackerTests;
				PRODUCT_NAME = "$(TARGET_NAME)";
				SWIFT_EMIT_LOC_STRINGS = NO;
				SWIFT_VERSION = 5.0;
				TARGETED_DEVICE_FAMILY = "1,2";
				TEST_HOST = "$(BUILT_PRODUCTS_DIR)/ExpenseTracker.app/$(BUNDLE_EXECUTABLE_FOLDER_PATH)/ExpenseTracker";
			};
			name = Debug;
		};
		8693F5BC2CE1B61A002BB39B /* Release */ = {
			isa = XCBuildConfiguration;
			buildSettings = {
				BUNDLE_LOADER = "$(TEST_HOST)";
				CODE_SIGN_STYLE = Automatic;
				CURRENT_PROJECT_VERSION = 1;
				GENERATE_INFOPLIST_FILE = YES;
				IPHONEOS_DEPLOYMENT_TARGET = 18.1;
				MARKETING_VERSION = 1.0;
				PRODUCT_BUNDLE_IDENTIFIER = com.eric.ExpenseTrackerTests;
				PRODUCT_NAME = "$(TARGET_NAME)";
				SWIFT_EMIT_LOC_STRINGS = NO;
				SWIFT_VERSION = 5.0;
				TARGETED_DEVICE_FAMILY = "1,2";
				TEST_HOST = "$(BUILT_PRODUCTS_DIR)/ExpenseTracker.app/$(BUNDLE_EXECUTABLE_FOLDER_PATH)/ExpenseTracker";
			};
			name = Release;
		};
		8693F5BE2CE1B61A002BB39B /* Debug */ = {
			isa = XCBuildConfiguration;
			buildSettings = {
				CODE_SIGN_STYLE = Automatic;
				CURRENT_PROJECT_VERSION = 1;
				GENERATE_INFOPLIST_FILE = YES;
				MARKETING_VERSION = 1.0;
				PRODUCT_BUNDLE_IDENTIFIER = com.eric.ExpenseTrackerUITests;
				PRODUCT_NAME = "$(TARGET_NAME)";
				SWIFT_EMIT_LOC_STRINGS = NO;
				SWIFT_VERSION = 5.0;
				TARGETED_DEVICE_FAMILY = "1,2";
				TEST_TARGET_NAME = ExpenseTracker;
			};
			name = Debug;
		};
		8693F5BF2CE1B61A002BB39B /* Release */ = {
			isa = XCBuildConfiguration;
			buildSettings = {
				CODE_SIGN_STYLE = Automatic;
				CURRENT_PROJECT_VERSION = 1;
				GENERATE_INFOPLIST_FILE = YES;
				MARKETING_VERSION = 1.0;
				PRODUCT_BUNDLE_IDENTIFIER = com.eric.ExpenseTrackerUITests;
				PRODUCT_NAME = "$(TARGET_NAME)";
				SWIFT_EMIT_LOC_STRINGS = NO;
				SWIFT_VERSION = 5.0;
				TARGETED_DEVICE_FAMILY = "1,2";
				TEST_TARGET_NAME = ExpenseTracker;
			};
			name = Release;
		};
/* End XCBuildConfiguration section */

/* Begin XCConfigurationList section */
		8693F58E2CE1B617002BB39B /* Build configuration list for PBXProject "ExpenseTracker" */ = {
			isa = XCConfigurationList;
			buildConfigurations = (
				8693F5B52CE1B61A002BB39B /* Debug */,
				8693F5B62CE1B61A002BB39B /* Release */,
			);
			defaultConfigurationIsVisible = 0;
			defaultConfigurationName = Release;
		};
		8693F5B72CE1B61A002BB39B /* Build configuration list for PBXNativeTarget "ExpenseTracker" */ = {
			isa = XCConfigurationList;
			buildConfigurations = (
				8693F5B82CE1B61A002BB39B /* Debug */,
				8693F5B92CE1B61A002BB39B /* Release */,
			);
			defaultConfigurationIsVisible = 0;
			defaultConfigurationName = Release;
		};
		8693F5BA2CE1B61A002BB39B /* Build configuration list for PBXNativeTarget "ExpenseTrackerTests" */ = {
			isa = XCConfigurationList;
			buildConfigurations = (
				8693F5BB2CE1B61A002BB39B /* Debug */,
				8693F5BC2CE1B61A002BB39B /* Release */,
			);
			defaultConfigurationIsVisible = 0;
			defaultConfigurationName = Release;
		};
		8693F5BD2CE1B61A002BB39B /* Build configuration list for PBXNativeTarget "ExpenseTrackerUITests" */ = {
			isa = XCConfigurationList;
			buildConfigurations = (
				8693F5BE2CE1B61A002BB39B /* Debug */,
				8693F5BF2CE1B61A002BB39B /* Release */,
			);
			defaultConfigurationIsVisible = 0;
			defaultConfigurationName = Release;
		};
/* End XCConfigurationList section */

/* Begin XCRemoteSwiftPackageReference section */
		8648CD892CE6C2E600A5E681 /* XCRemoteSwiftPackageReference "swift-collections" */ = {
			isa = XCRemoteSwiftPackageReference;
			repositoryURL = "https://github.com/apple/swift-collections.git";
			requirement = {
				kind = upToNextMajorVersion;
				minimumVersion = 1.1.4;
			};
		};
		8648CD8C2CE6C3AD00A5E681 /* XCRemoteSwiftPackageReference "ChartView" */ = {
			isa = XCRemoteSwiftPackageReference;
			repositoryURL = "https://github.com/AppPear/ChartView";
			requirement = {
				kind = exactVersion;
				version = "2.0.0-beta.2";
			};
		};
		866660512CE3AEF2002BC861 /* XCRemoteSwiftPackageReference "SwiftUIFontIcon" */ = {
			isa = XCRemoteSwiftPackageReference;
			repositoryURL = "https://github.com/huybuidac/SwiftUIFontIcon";
			requirement = {
				branch = master;
				kind = branch;
			};
		};
/* End XCRemoteSwiftPackageReference section */

/* Begin XCSwiftPackageProductDependency section */
		8648CD8A2CE6C2E600A5E681 /* Collections */ = {
			isa = XCSwiftPackageProductDependency;
			package = 8648CD892CE6C2E600A5E681 /* XCRemoteSwiftPackageReference "swift-collections" */;
			productName = Collections;
		};
		8648CD8D2CE6C3AD00A5E681 /* SwiftUICharts */ = {
			isa = XCSwiftPackageProductDependency;
			package = 8648CD8C2CE6C3AD00A5E681 /* XCRemoteSwiftPackageReference "ChartView" */;
			productName = SwiftUICharts;
		};
		86CAF1032CE5A49B00C050E4 /* SwiftUIFontIcon */ = {
			isa = XCSwiftPackageProductDependency;
			package = 866660512CE3AEF2002BC861 /* XCRemoteSwiftPackageReference "SwiftUIFontIcon" */;
			productName = SwiftUIFontIcon;
		};
/* End XCSwiftPackageProductDependency section */
	};
	rootObject = 8693F58B2CE1B617002BB39B /* Project object */;
}
